
Microsoft Visual Studio Solution File, Format Version 12.00
# Visual Studio 15
VisualStudioVersion = 15.0.27130.2010
MinimumVisualStudioVersion = 10.0.40219.1
Project("{FAE04EC0-301F-11D3-BF4B-00C04F79EFBC}") = "H@X-2", "H@X-2\H@X-2.csproj", "{6714D9F8-BB25-48CE-A437-26C8092F6E53}"
EndProject
Global
	GlobalSection(SolutionConfigurationPlatforms) = preSolution
		Debug|Any CPU = Debug|Any CPU
		Release|Any CPU = Release|Any CPU
	EndGlobalSection
	GlobalSection(ProjectConfigurationPlatforms) = postSolution
		{6714D9F8-BB25-48CE-A437-26C8092F6E53}.Debug|Any CPU.ActiveCfg = Debug|Any CPU
		{6714D9F8-BB25-48CE-A437-26C8092F6E53}.Debug|Any CPU.Build.0 = Debug|Any CPU
		{6714D9F8-BB25-48CE-A437-26C8092F6E53}.Release|Any CPU.ActiveCfg = Release|Any CPU
		{6714D9F8-BB25-48CE-A437-26C8092F6E53}.Release|Any CPU.Build.0 = Release|Any CPU
	EndGlobalSection
	GlobalSection(SolutionProperties) = preSolution
		HideSolutionNode = FALSE
	EndGlobalSection
	GlobalSection(ExtensibilityGlobals) = postSolution
		SolutionGuid = {958A22C9-84DD-4E3C-A11E-11D093FC02F4}
	EndGlobalSection
EndGlobal
